// !$*UTF8*$!
{
	archiveVersion = 1;
	classes = {
	};
	objectVersion = 48;
	objects = {

/* Begin PBXBuildFile section */
		0D59E89E217EFAD500591203 /* AppDelegate.swift in Sources */ = {isa = PBXBuildFile; fileRef = 0D59E89D217EFAD500591203 /* AppDelegate.swift */; };
		0D59E8A0217EFAD500591203 /* ViewController.swift in Sources */ = {isa = PBXBuildFile; fileRef = 0D59E89F217EFAD500591203 /* ViewController.swift */; };
		0D59E8A3217EFAD500591203 /* Main.storyboard in Resources */ = {isa = PBXBuildFile; fileRef = 0D59E8A1217EFAD500591203 /* Main.storyboard */; };
		0D59E8A6217EFAD500591203 /* App_Test_jenkins.xcdatamodeld in Sources */ = {isa = PBXBuildFile; fileRef = 0D59E8A4217EFAD500591203 /* App_Test_jenkins.xcdatamodeld */; };
		0D59E8A8217EFAD500591203 /* Assets.xcassets in Resources */ = {isa = PBXBuildFile; fileRef = 0D59E8A7217EFAD500591203 /* Assets.xcassets */; };
		0D59E8AB217EFAD500591203 /* LaunchScreen.storyboard in Resources */ = {isa = PBXBuildFile; fileRef = 0D59E8A9217EFAD500591203 /* LaunchScreen.storyboard */; };
		0D59E8B6217EFAD500591203 /* App_Test_jenkinsTests.swift in Sources */ = {isa = PBXBuildFile; fileRef = 0D59E8B5217EFAD500591203 /* App_Test_jenkinsTests.swift */; };
		0D59E8C1217EFAD600591203 /* App_Test_jenkinsUITests.swift in Sources */ = {isa = PBXBuildFile; fileRef = 0D59E8C0217EFAD600591203 /* App_Test_jenkinsUITests.swift */; };
		3028726667598821392386E1 /* Pods_App_Test_jenkinsTests.framework in Frameworks */ = {isa = PBXBuildFile; fileRef = 564A740921342C8518425BBB /* Pods_App_Test_jenkinsTests.framework */; };
		4473A75E69965A3ED699C372 /* Pods_App_Test_jenkins.framework in Frameworks */ = {isa = PBXBuildFile; fileRef = A873B46C002DB2A981FE662B /* Pods_App_Test_jenkins.framework */; };
		EFE399466219E3A02A156586 /* Pods_App_Test_jenkinsUITests.framework in Frameworks */ = {isa = PBXBuildFile; fileRef = F48ECA022FF58C6E2D614834 /* Pods_App_Test_jenkinsUITests.framework */; };
/* End PBXBuildFile section */

/* Begin PBXContainerItemProxy section */
		0D59E8B2217EFAD500591203 /* PBXContainerItemProxy */ = {
			isa = PBXContainerItemProxy;
			containerPortal = 0D59E892217EFAD500591203 /* Project object */;
			proxyType = 1;
			remoteGlobalIDString = 0D59E899217EFAD500591203;
			remoteInfo = "App-Test-jenkins";
		};
		0D59E8BD217EFAD600591203 /* PBXContainerItemProxy */ = {
			isa = PBXContainerItemProxy;
			containerPortal = 0D59E892217EFAD500591203 /* Project object */;
			proxyType = 1;
			remoteGlobalIDString = 0D59E899217EFAD500591203;
			remoteInfo = "App-Test-jenkins";
		};
/* End PBXContainerItemProxy section */

/* Begin PBXFileReference section */
		0D59E89A217EFAD500591203 /* App-Test-jenkins.app */ = {isa = PBXFileReference; explicitFileType = wrapper.application; includeInIndex = 0; path = "App-Test-jenkins.app"; sourceTree = BUILT_PRODUCTS_DIR; };
		0D59E89D217EFAD500591203 /* AppDelegate.swift */ = {isa = PBXFileReference; lastKnownFileType = sourcecode.swift; path = AppDelegate.swift; sourceTree = "<group>"; };
		0D59E89F217EFAD500591203 /* ViewController.swift */ = {isa = PBXFileReference; lastKnownFileType = sourcecode.swift; path = ViewController.swift; sourceTree = "<group>"; };
		0D59E8A2217EFAD500591203 /* Base */ = {isa = PBXFileReference; lastKnownFileType = file.storyboard; name = Base; path = Base.lproj/Main.storyboard; sourceTree = "<group>"; };
		0D59E8A5217EFAD500591203 /* App_Test_jenkins.xcdatamodel */ = {isa = PBXFileReference; lastKnownFileType = wrapper.xcdatamodel; path = App_Test_jenkins.xcdatamodel; sourceTree = "<group>"; };
		0D59E8A7217EFAD500591203 /* Assets.xcassets */ = {isa = PBXFileReference; lastKnownFileType = folder.assetcatalog; path = Assets.xcassets; sourceTree = "<group>"; };
		0D59E8AA217EFAD500591203 /* Base */ = {isa = PBXFileReference; lastKnownFileType = file.storyboard; name = Base; path = Base.lproj/LaunchScreen.storyboard; sourceTree = "<group>"; };
		0D59E8AC217EFAD500591203 /* Info.plist */ = {isa = PBXFileReference; lastKnownFileType = text.plist.xml; path = Info.plist; sourceTree = "<group>"; };
		0D59E8B1217EFAD500591203 /* App-Test-jenkinsTests.xctest */ = {isa = PBXFileReference; explicitFileType = wrapper.cfbundle; includeInIndex = 0; path = "App-Test-jenkinsTests.xctest"; sourceTree = BUILT_PRODUCTS_DIR; };
		0D59E8B5217EFAD500591203 /* App_Test_jenkinsTests.swift */ = {isa = PBXFileReference; lastKnownFileType = sourcecode.swift; path = App_Test_jenkinsTests.swift; sourceTree = "<group>"; };
		0D59E8B7217EFAD500591203 /* Info.plist */ = {isa = PBXFileReference; lastKnownFileType = text.plist.xml; path = Info.plist; sourceTree = "<group>"; };
		0D59E8BC217EFAD600591203 /* App-Test-jenkinsUITests.xctest */ = {isa = PBXFileReference; explicitFileType = wrapper.cfbundle; includeInIndex = 0; path = "App-Test-jenkinsUITests.xctest"; sourceTree = BUILT_PRODUCTS_DIR; };
		0D59E8C0217EFAD600591203 /* App_Test_jenkinsUITests.swift */ = {isa = PBXFileReference; lastKnownFileType = sourcecode.swift; path = App_Test_jenkinsUITests.swift; sourceTree = "<group>"; };
		0D59E8C2217EFAD600591203 /* Info.plist */ = {isa = PBXFileReference; lastKnownFileType = text.plist.xml; path = Info.plist; sourceTree = "<group>"; };
		550057CBD799CA5E89066164 /* Pods-App-Test-jenkins.release.xcconfig */ = {isa = PBXFileReference; includeInIndex = 1; lastKnownFileType = text.xcconfig; name = "Pods-App-Test-jenkins.release.xcconfig"; path = "Pods/Target Support Files/Pods-App-Test-jenkins/Pods-App-Test-jenkins.release.xcconfig"; sourceTree = "<group>"; };
		564A740921342C8518425BBB /* Pods_App_Test_jenkinsTests.framework */ = {isa = PBXFileReference; explicitFileType = wrapper.framework; includeInIndex = 0; path = Pods_App_Test_jenkinsTests.framework; sourceTree = BUILT_PRODUCTS_DIR; };
		56BDE69D8837D04A4857C5BF /* Pods-App-Test-jenkinsUITests.release.xcconfig */ = {isa = PBXFileReference; includeInIndex = 1; lastKnownFileType = text.xcconfig; name = "Pods-App-Test-jenkinsUITests.release.xcconfig"; path = "Pods/Target Support Files/Pods-App-Test-jenkinsUITests/Pods-App-Test-jenkinsUITests.release.xcconfig"; sourceTree = "<group>"; };
		5D282636F1D60D0B46D819D5 /* Pods-App-Test-jenkins.debug.xcconfig */ = {isa = PBXFileReference; includeInIndex = 1; lastKnownFileType = text.xcconfig; name = "Pods-App-Test-jenkins.debug.xcconfig"; path = "Pods/Target Support Files/Pods-App-Test-jenkins/Pods-App-Test-jenkins.debug.xcconfig"; sourceTree = "<group>"; };
		8CE8E468404671E6B86EC764 /* Pods-App-Test-jenkinsTests.debug.xcconfig */ = {isa = PBXFileReference; includeInIndex = 1; lastKnownFileType = text.xcconfig; name = "Pods-App-Test-jenkinsTests.debug.xcconfig"; path = "Pods/Target Support Files/Pods-App-Test-jenkinsTests/Pods-App-Test-jenkinsTests.debug.xcconfig"; sourceTree = "<group>"; };
		A873B46C002DB2A981FE662B /* Pods_App_Test_jenkins.framework */ = {isa = PBXFileReference; explicitFileType = wrapper.framework; includeInIndex = 0; path = Pods_App_Test_jenkins.framework; sourceTree = BUILT_PRODUCTS_DIR; };
		E26A769A970D6A9C33CBD026 /* Pods-App-Test-jenkinsTests.release.xcconfig */ = {isa = PBXFileReference; includeInIndex = 1; lastKnownFileType = text.xcconfig; name = "Pods-App-Test-jenkinsTests.release.xcconfig"; path = "Pods/Target Support Files/Pods-App-Test-jenkinsTests/Pods-App-Test-jenkinsTests.release.xcconfig"; sourceTree = "<group>"; };
		F48ECA022FF58C6E2D614834 /* Pods_App_Test_jenkinsUITests.framework */ = {isa = PBXFileReference; explicitFileType = wrapper.framework; includeInIndex = 0; path = Pods_App_Test_jenkinsUITests.framework; sourceTree = BUILT_PRODUCTS_DIR; };
		F51789BF58FA2F9428E72B07 /* Pods-App-Test-jenkinsUITests.debug.xcconfig */ = {isa = PBXFileReference; includeInIndex = 1; lastKnownFileType = text.xcconfig; name = "Pods-App-Test-jenkinsUITests.debug.xcconfig"; path = "Pods/Target Support Files/Pods-App-Test-jenkinsUITests/Pods-App-Test-jenkinsUITests.debug.xcconfig"; sourceTree = "<group>"; };
/* End PBXFileReference section */

/* Begin PBXFrameworksBuildPhase section */
		0D59E897217EFAD500591203 /* Frameworks */ = {
			isa = PBXFrameworksBuildPhase;
			buildActionMask = 2147483647;
			files = (
				4473A75E69965A3ED699C372 /* Pods_App_Test_jenkins.framework in Frameworks */,
			);
			runOnlyForDeploymentPostprocessing = 0;
		};
		0D59E8AE217EFAD500591203 /* Frameworks */ = {
			isa = PBXFrameworksBuildPhase;
			buildActionMask = 2147483647;
			files = (
				3028726667598821392386E1 /* Pods_App_Test_jenkinsTests.framework in Frameworks */,
			);
			runOnlyForDeploymentPostprocessing = 0;
		};
		0D59E8B9217EFAD600591203 /* Frameworks */ = {
			isa = PBXFrameworksBuildPhase;
			buildActionMask = 2147483647;
			files = (
				EFE399466219E3A02A156586 /* Pods_App_Test_jenkinsUITests.framework in Frameworks */,
			);
			runOnlyForDeploymentPostprocessing = 0;
		};
/* End PBXFrameworksBuildPhase section */

/* Begin PBXGroup section */
		0D59E891217EFAD500591203 = {
			isa = PBXGroup;
			children = (
				0D59E89C217EFAD500591203 /* App-Test-jenkins */,
				0D59E8B4217EFAD500591203 /* App-Test-jenkinsTests */,
				0D59E8BF217EFAD600591203 /* App-Test-jenkinsUITests */,
				0D59E89B217EFAD500591203 /* Products */,
				E9FE27F36E1E629CB769069A /* Pods */,
				592E38836E951F06F468A381 /* Frameworks */,
			);
			sourceTree = "<group>";
		};
		0D59E89B217EFAD500591203 /* Products */ = {
			isa = PBXGroup;
			children = (
				0D59E89A217EFAD500591203 /* App-Test-jenkins.app */,
				0D59E8B1217EFAD500591203 /* App-Test-jenkinsTests.xctest */,
				0D59E8BC217EFAD600591203 /* App-Test-jenkinsUITests.xctest */,
			);
			name = Products;
			sourceTree = "<group>";
		};
		0D59E89C217EFAD500591203 /* App-Test-jenkins */ = {
			isa = PBXGroup;
			children = (
				0D59E89D217EFAD500591203 /* AppDelegate.swift */,
				0D59E89F217EFAD500591203 /* ViewController.swift */,
				0D59E8A1217EFAD500591203 /* Main.storyboard */,
				0D59E8A7217EFAD500591203 /* Assets.xcassets */,
				0D59E8A9217EFAD500591203 /* LaunchScreen.storyboard */,
				0D59E8AC217EFAD500591203 /* Info.plist */,
				0D59E8A4217EFAD500591203 /* App_Test_jenkins.xcdatamodeld */,
			);
			path = "App-Test-jenkins";
			sourceTree = "<group>";
		};
		0D59E8B4217EFAD500591203 /* App-Test-jenkinsTests */ = {
			isa = PBXGroup;
			children = (
				0D59E8B5217EFAD500591203 /* App_Test_jenkinsTests.swift */,
				0D59E8B7217EFAD500591203 /* Info.plist */,
			);
			path = "App-Test-jenkinsTests";
			sourceTree = "<group>";
		};
		0D59E8BF217EFAD600591203 /* App-Test-jenkinsUITests */ = {
			isa = PBXGroup;
			children = (
				0D59E8C0217EFAD600591203 /* App_Test_jenkinsUITests.swift */,
				0D59E8C2217EFAD600591203 /* Info.plist */,
			);
			path = "App-Test-jenkinsUITests";
			sourceTree = "<group>";
		};
		592E38836E951F06F468A381 /* Frameworks */ = {
			isa = PBXGroup;
			children = (
				A873B46C002DB2A981FE662B /* Pods_App_Test_jenkins.framework */,
				564A740921342C8518425BBB /* Pods_App_Test_jenkinsTests.framework */,
				F48ECA022FF58C6E2D614834 /* Pods_App_Test_jenkinsUITests.framework */,
			);
			name = Frameworks;
			sourceTree = "<group>";
		};
		E9FE27F36E1E629CB769069A /* Pods */ = {
			isa = PBXGroup;
			children = (
				5D282636F1D60D0B46D819D5 /* Pods-App-Test-jenkins.debug.xcconfig */,
				550057CBD799CA5E89066164 /* Pods-App-Test-jenkins.release.xcconfig */,
				8CE8E468404671E6B86EC764 /* Pods-App-Test-jenkinsTests.debug.xcconfig */,
				E26A769A970D6A9C33CBD026 /* Pods-App-Test-jenkinsTests.release.xcconfig */,
				F51789BF58FA2F9428E72B07 /* Pods-App-Test-jenkinsUITests.debug.xcconfig */,
				56BDE69D8837D04A4857C5BF /* Pods-App-Test-jenkinsUITests.release.xcconfig */,
			);
			name = Pods;
			sourceTree = "<group>";
		};
/* End PBXGroup section */

/* Begin PBXNativeTarget section */
		0D59E899217EFAD500591203 /* App-Test-jenkins */ = {
			isa = PBXNativeTarget;
			buildConfigurationList = 0D59E8C5217EFAD600591203 /* Build configuration list for PBXNativeTarget "App-Test-jenkins" */;
			buildPhases = (
				E5AF5459A24439FAC2B49847 /* [CP] Check Pods Manifest.lock */,
				0D59E896217EFAD500591203 /* Sources */,
				0D59E897217EFAD500591203 /* Frameworks */,
				0D59E898217EFAD500591203 /* Resources */,
			);
			buildRules = (
			);
			dependencies = (
			);
			name = "App-Test-jenkins";
			productName = "App-Test-jenkins";
			productReference = 0D59E89A217EFAD500591203 /* App-Test-jenkins.app */;
			productType = "com.apple.product-type.application";
		};
		0D59E8B0217EFAD500591203 /* App-Test-jenkinsTests */ = {
			isa = PBXNativeTarget;
			buildConfigurationList = 0D59E8C8217EFAD600591203 /* Build configuration list for PBXNativeTarget "App-Test-jenkinsTests" */;
			buildPhases = (
				ADFA069B550EF7BABC28F16B /* [CP] Check Pods Manifest.lock */,
				0D59E8AD217EFAD500591203 /* Sources */,
				0D59E8AE217EFAD500591203 /* Frameworks */,
				0D59E8AF217EFAD500591203 /* Resources */,
			);
			buildRules = (
			);
			dependencies = (
				0D59E8B3217EFAD500591203 /* PBXTargetDependency */,
			);
			name = "App-Test-jenkinsTests";
			productName = "App-Test-jenkinsTests";
			productReference = 0D59E8B1217EFAD500591203 /* App-Test-jenkinsTests.xctest */;
			productType = "com.apple.product-type.bundle.unit-test";
		};
		0D59E8BB217EFAD600591203 /* App-Test-jenkinsUITests */ = {
			isa = PBXNativeTarget;
			buildConfigurationList = 0D59E8CB217EFAD600591203 /* Build configuration list for PBXNativeTarget "App-Test-jenkinsUITests" */;
			buildPhases = (
				A8F804415A32096093CF6606 /* [CP] Check Pods Manifest.lock */,
				0D59E8B8217EFAD600591203 /* Sources */,
				0D59E8B9217EFAD600591203 /* Frameworks */,
				0D59E8BA217EFAD600591203 /* Resources */,
			);
			buildRules = (
			);
			dependencies = (
				0D59E8BE217EFAD600591203 /* PBXTargetDependency */,
			);
			name = "App-Test-jenkinsUITests";
			productName = "App-Test-jenkinsUITests";
			productReference = 0D59E8BC217EFAD600591203 /* App-Test-jenkinsUITests.xctest */;
			productType = "com.apple.product-type.bundle.ui-testing";
		};
/* End PBXNativeTarget section */

/* Begin PBXProject section */
		0D59E892217EFAD500591203 /* Project object */ = {
			isa = PBXProject;
			attributes = {
				LastSwiftUpdateCheck = 0920;
				LastUpgradeCheck = 0920;
				ORGANIZATIONNAME = Saurabh;
				TargetAttributes = {
					0D59E899217EFAD500591203 = {
						CreatedOnToolsVersion = 9.2;
						ProvisioningStyle = Automatic;
					};
					0D59E8B0217EFAD500591203 = {
						CreatedOnToolsVersion = 9.2;
						ProvisioningStyle = Automatic;
						TestTargetID = 0D59E899217EFAD500591203;
					};
					0D59E8BB217EFAD600591203 = {
						CreatedOnToolsVersion = 9.2;
						ProvisioningStyle = Automatic;
						TestTargetID = 0D59E899217EFAD500591203;
					};
				};
			};
			buildConfigurationList = 0D59E895217EFAD500591203 /* Build configuration list for PBXProject "App-Test-jenkins" */;
			compatibilityVersion = "Xcode 8.0";
			developmentRegion = en;
			hasScannedForEncodings = 0;
			knownRegions = (
				en,
				Base,
			);
			mainGroup = 0D59E891217EFAD500591203;
			productRefGroup = 0D59E89B217EFAD500591203 /* Products */;
			projectDirPath = "";
			projectRoot = "";
			targets = (
				0D59E899217EFAD500591203 /* App-Test-jenkins */,
				0D59E8B0217EFAD500591203 /* App-Test-jenkinsTests */,
				0D59E8BB217EFAD600591203 /* App-Test-jenkinsUITests */,
			);
		};
/* End PBXProject section */

/* Begin PBXResourcesBuildPhase section */
		0D59E898217EFAD500591203 /* Resources */ = {
			isa = PBXResourcesBuildPhase;
			buildActionMask = 2147483647;
			files = (
				0D59E8AB217EFAD500591203 /* LaunchScreen.storyboard in Resources */,
				0D59E8A8217EFAD500591203 /* Assets.xcassets in Resources */,
				0D59E8A3217EFAD500591203 /* Main.storyboard in Resources */,
			);
			runOnlyForDeploymentPostprocessing = 0;
		};
		0D59E8AF217EFAD500591203 /* Resources */ = {
			isa = PBXResourcesBuildPhase;
			buildActionMask = 2147483647;
			files = (
			);
			runOnlyForDeploymentPostprocessing = 0;
		};
		0D59E8BA217EFAD600591203 /* Resources */ = {
			isa = PBXResourcesBuildPhase;
			buildActionMask = 2147483647;
			files = (
			);
			runOnlyForDeploymentPostprocessing = 0;
		};
/* End PBXResourcesBuildPhase section */

/* Begin PBXShellScriptBuildPhase section */
		A8F804415A32096093CF6606 /* [CP] Check Pods Manifest.lock */ = {
			isa = PBXShellScriptBuildPhase;
			buildActionMask = 2147483647;
			files = (
			);
			inputPaths = (
				"${PODS_PODFILE_DIR_PATH}/Podfile.lock",
				"${PODS_ROOT}/Manifest.lock",
			);
			name = "[CP] Check Pods Manifest.lock";
			outputPaths = (
				"$(DERIVED_FILE_DIR)/Pods-App-Test-jenkinsUITests-checkManifestLockResult.txt",
			);
			runOnlyForDeploymentPostprocessing = 0;
			shellPath = /bin/sh;
			shellScript = "diff \"${PODS_PODFILE_DIR_PATH}/Podfile.lock\" \"${PODS_ROOT}/Manifest.lock\" > /dev/null\nif [ $? != 0 ] ; then\n    # print error to STDERR\n    echo \"error: The sandbox is not in sync with the Podfile.lock. Run 'pod install' or update your CocoaPods installation.\" >&2\n    exit 1\nfi\n# This output is used by Xcode 'outputs' to avoid re-running this script phase.\necho \"SUCCESS\" > \"${SCRIPT_OUTPUT_FILE_0}\"\n";
			showEnvVarsInLog = 0;
		};
		ADFA069B550EF7BABC28F16B /* [CP] Check Pods Manifest.lock */ = {
			isa = PBXShellScriptBuildPhase;
			buildActionMask = 2147483647;
			files = (
			);
			inputPaths = (
				"${PODS_PODFILE_DIR_PATH}/Podfile.lock",
				"${PODS_ROOT}/Manifest.lock",
			);
			name = "[CP] Check Pods Manifest.lock";
			outputPaths = (
				"$(DERIVED_FILE_DIR)/Pods-App-Test-jenkinsTests-checkManifestLockResult.txt",
			);
			runOnlyForDeploymentPostprocessing = 0;
			shellPath = /bin/sh;
			shellScript = "diff \"${PODS_PODFILE_DIR_PATH}/Podfile.lock\" \"${PODS_ROOT}/Manifest.lock\" > /dev/null\nif [ $? != 0 ] ; then\n    # print error to STDERR\n    echo \"error: The sandbox is not in sync with the Podfile.lock. Run 'pod install' or update your CocoaPods installation.\" >&2\n    exit 1\nfi\n# This output is used by Xcode 'outputs' to avoid re-running this script phase.\necho \"SUCCESS\" > \"${SCRIPT_OUTPUT_FILE_0}\"\n";
			showEnvVarsInLog = 0;
		};
		E5AF5459A24439FAC2B49847 /* [CP] Check Pods Manifest.lock */ = {
			isa = PBXShellScriptBuildPhase;
			buildActionMask = 2147483647;
			files = (
			);
			inputPaths = (
				"${PODS_PODFILE_DIR_PATH}/Podfile.lock",
				"${PODS_ROOT}/Manifest.lock",
			);
			name = "[CP] Check Pods Manifest.lock";
			outputPaths = (
				"$(DERIVED_FILE_DIR)/Pods-App-Test-jenkins-checkManifestLockResult.txt",
			);
			runOnlyForDeploymentPostprocessing = 0;
			shellPath = /bin/sh;
			shellScript = "diff \"${PODS_PODFILE_DIR_PATH}/Podfile.lock\" \"${PODS_ROOT}/Manifest.lock\" > /dev/null\nif [ $? != 0 ] ; then\n    # print error to STDERR\n    echo \"error: The sandbox is not in sync with the Podfile.lock. Run 'pod install' or update your CocoaPods installation.\" >&2\n    exit 1\nfi\n# This output is used by Xcode 'outputs' to avoid re-running this script phase.\necho \"SUCCESS\" > \"${SCRIPT_OUTPUT_FILE_0}\"\n";
			showEnvVarsInLog = 0;
		};
/* End PBXShellScriptBuildPhase section */

/* Begin PBXSourcesBuildPhase section */
		0D59E896217EFAD500591203 /* Sources */ = {
			isa = PBXSourcesBuildPhase;
			buildActionMask = 2147483647;
			files = (
				0D59E8A6217EFAD500591203 /* App_Test_jenkins.xcdatamodeld in Sources */,
				0D59E8A0217EFAD500591203 /* ViewController.swift in Sources */,
				0D59E89E217EFAD500591203 /* AppDelegate.swift in Sources */,
			);
			runOnlyForDeploymentPostprocessing = 0;
		};
		0D59E8AD217EFAD500591203 /* Sources */ = {
			isa = PBXSourcesBuildPhase;
			buildActionMask = 2147483647;
			files = (
				0D59E8B6217EFAD500591203 /* App_Test_jenkinsTests.swift in Sources */,
			);
			runOnlyForDeploymentPostprocessing = 0;
		};
		0D59E8B8217EFAD600591203 /* Sources */ = {
			isa = PBXSourcesBuildPhase;
			buildActionMask = 2147483647;
			files = (
				0D59E8C1217EFAD600591203 /* App_Test_jenkinsUITests.swift in Sources */,
			);
			runOnlyForDeploymentPostprocessing = 0;
		};
/* End PBXSourcesBuildPhase section */

/* Begin PBXTargetDependency section */
		0D59E8B3217EFAD500591203 /* PBXTargetDependency */ = {
			isa = PBXTargetDependency;
			target = 0D59E899217EFAD500591203 /* App-Test-jenkins */;
			targetProxy = 0D59E8B2217EFAD500591203 /* PBXContainerItemProxy */;
		};
		0D59E8BE217EFAD600591203 /* PBXTargetDependency */ = {
			isa = PBXTargetDependency;
			target = 0D59E899217EFAD500591203 /* App-Test-jenkins */;
			targetProxy = 0D59E8BD217EFAD600591203 /* PBXContainerItemProxy */;
		};
/* End PBXTargetDependency section */

/* Begin PBXVariantGroup section */
		0D59E8A1217EFAD500591203 /* Main.storyboard */ = {
			isa = PBXVariantGroup;
			children = (
				0D59E8A2217EFAD500591203 /* Base */,
			);
			name = Main.storyboard;
			sourceTree = "<group>";
		};
		0D59E8A9217EFAD500591203 /* LaunchScreen.storyboard */ = {
			isa = PBXVariantGroup;
			children = (
				0D59E8AA217EFAD500591203 /* Base */,
			);
			name = LaunchScreen.storyboard;
			sourceTree = "<group>";
		};
/* End PBXVariantGroup section */

/* Begin XCBuildConfiguration section */
		0D59E8C3217EFAD600591203 /* Debug */ = {
			isa = XCBuildConfiguration;
			buildSettings = {
				ALWAYS_SEARCH_USER_PATHS = NO;
				CLANG_ANALYZER_NONNULL = YES;
				CLANG_ANALYZER_NUMBER_OBJECT_CONVERSION = YES_AGGRESSIVE;
				CLANG_CXX_LANGUAGE_STANDARD = "gnu++14";
				CLANG_CXX_LIBRARY = "libc++";
				CLANG_ENABLE_MODULES = YES;
				CLANG_ENABLE_OBJC_ARC = YES;
				CLANG_WARN_BLOCK_CAPTURE_AUTORELEASING = YES;
				CLANG_WARN_BOOL_CONVERSION = YES;
				CLANG_WARN_COMMA = YES;
				CLANG_WARN_CONSTANT_CONVERSION = YES;
				CLANG_WARN_DIRECT_OBJC_ISA_USAGE = YES_ERROR;
				CLANG_WARN_DOCUMENTATION_COMMENTS = YES;
				CLANG_WARN_EMPTY_BODY = YES;
				CLANG_WARN_ENUM_CONVERSION = YES;
				CLANG_WARN_INFINITE_RECURSION = YES;
				CLANG_WARN_INT_CONVERSION = YES;
				CLANG_WARN_NON_LITERAL_NULL_CONVERSION = YES;
				CLANG_WARN_OBJC_LITERAL_CONVERSION = YES;
				CLANG_WARN_OBJC_ROOT_CLASS = YES_ERROR;
				CLANG_WARN_RANGE_LOOP_ANALYSIS = YES;
				CLANG_WARN_STRICT_PROTOTYPES = YES;
				CLANG_WARN_SUSPICIOUS_MOVE = YES;
				CLANG_WARN_UNGUARDED_AVAILABILITY = YES_AGGRESSIVE;
				CLANG_WARN_UNREACHABLE_CODE = YES;
				CLANG_WARN__DUPLICATE_METHOD_MATCH = YES;
				CODE_SIGN_IDENTITY = "iPhone Developer";
				COPY_PHASE_STRIP = NO;
				DEBUG_INFORMATION_FORMAT = dwarf;
				ENABLE_STRICT_OBJC_MSGSEND = YES;
				ENABLE_TESTABILITY = YES;
				GCC_C_LANGUAGE_STANDARD = gnu11;
				GCC_DYNAMIC_NO_PIC = NO;
				GCC_NO_COMMON_BLOCKS = YES;
				GCC_OPTIMIZATION_LEVEL = 0;
				GCC_PREPROCESSOR_DEFINITIONS = (
					"DEBUG=1",
					"$(inherited)",
				);
				GCC_WARN_64_TO_32_BIT_CONVERSION = YES;
				GCC_WARN_ABOUT_RETURN_TYPE = YES_ERROR;
				GCC_WARN_UNDECLARED_SELECTOR = YES;
				GCC_WARN_UNINITIALIZED_AUTOS = YES_AGGRESSIVE;
				GCC_WARN_UNUSED_FUNCTION = YES;
				GCC_WARN_UNUSED_VARIABLE = YES;
				IPHONEOS_DEPLOYMENT_TARGET = 11.2;
				MTL_ENABLE_DEBUG_INFO = YES;
				ONLY_ACTIVE_ARCH = YES;
				SDKROOT = iphoneos;
				SWIFT_ACTIVE_COMPILATION_CONDITIONS = DEBUG;
				SWIFT_OPTIMIZATION_LEVEL = "-Onone";
			};
			name = Debug;
		};
		0D59E8C4217EFAD600591203 /* Release */ = {
			isa = XCBuildConfiguration;
			buildSettings = {
				ALWAYS_SEARCH_USER_PATHS = NO;
				CLANG_ANALYZER_NONNULL = YES;
				CLANG_ANALYZER_NUMBER_OBJECT_CONVERSION = YES_AGGRESSIVE;
				CLANG_CXX_LANGUAGE_STANDARD = "gnu++14";
				CLANG_CXX_LIBRARY = "libc++";
				CLANG_ENABLE_MODULES = YES;
				CLANG_ENABLE_OBJC_ARC = YES;
				CLANG_WARN_BLOCK_CAPTURE_AUTORELEASING = YES;
				CLANG_WARN_BOOL_CONVERSION = YES;
				CLANG_WARN_COMMA = YES;
				CLANG_WARN_CONSTANT_CONVERSION = YES;
				CLANG_WARN_DIRECT_OBJC_ISA_USAGE = YES_ERROR;
				CLANG_WARN_DOCUMENTATION_COMMENTS = YES;
				CLANG_WARN_EMPTY_BODY = YES;
				CLANG_WARN_ENUM_CONVERSION = YES;
				CLANG_WARN_INFINITE_RECURSION = YES;
				CLANG_WARN_INT_CONVERSION = YES;
				CLANG_WARN_NON_LITERAL_NULL_CONVERSION = YES;
				CLANG_WARN_OBJC_LITERAL_CONVERSION = YES;
				CLANG_WARN_OBJC_ROOT_CLASS = YES_ERROR;
				CLANG_WARN_RANGE_LOOP_ANALYSIS = YES;
				CLANG_WARN_STRICT_PROTOTYPES = YES;
				CLANG_WARN_SUSPICIOUS_MOVE = YES;
				CLANG_WARN_UNGUARDED_AVAILABILITY = YES_AGGRESSIVE;
				CLANG_WARN_UNREACHABLE_CODE = YES;
				CLANG_WARN__DUPLICATE_METHOD_MATCH = YES;
				CODE_SIGN_IDENTITY = "iPhone Developer";
				COPY_PHASE_STRIP = NO;
				DEBUG_INFORMATION_FORMAT = "dwarf-with-dsym";
				ENABLE_NS_ASSERTIONS = NO;
				ENABLE_STRICT_OBJC_MSGSEND = YES;
				GCC_C_LANGUAGE_STANDARD = gnu11;
				GCC_NO_COMMON_BLOCKS = YES;
				GCC_WARN_64_TO_32_BIT_CONVERSION = YES;
				GCC_WARN_ABOUT_RETURN_TYPE = YES_ERROR;
				GCC_WARN_UNDECLARED_SELECTOR = YES;
				GCC_WARN_UNINITIALIZED_AUTOS = YES_AGGRESSIVE;
				GCC_WARN_UNUSED_FUNCTION = YES;
				GCC_WARN_UNUSED_VARIABLE = YES;
				IPHONEOS_DEPLOYMENT_TARGET = 11.2;
				MTL_ENABLE_DEBUG_INFO = NO;
				SDKROOT = iphoneos;
				SWIFT_OPTIMIZATION_LEVEL = "-Owholemodule";
				VALIDATE_PRODUCT = YES;
			};
			name = Release;
		};
		0D59E8C6217EFAD600591203 /* Debug */ = {
			isa = XCBuildConfiguration;
			baseConfigurationReference = 5D282636F1D60D0B46D819D5 /* Pods-App-Test-jenkins.debug.xcconfig */;
			buildSettings = {
				ASSETCATALOG_COMPILER_APPICON_NAME = AppIcon;
				"CODE_SIGN_IDENTITY[sdk=iphoneos*]" = "iPhone Developer";
				CODE_SIGN_STYLE = Automatic;
				DEVELOPMENT_TEAM = YJV9TQXB4X;
				INFOPLIST_FILE = "App-Test-jenkins/Info.plist";
				LD_RUNPATH_SEARCH_PATHS = "$(inherited) @executable_path/Frameworks";
				PRODUCT_BUNDLE_IDENTIFIER = "com.jabong.com.App-Test-jenkins";
				PRODUCT_NAME = "$(TARGET_NAME)";
				PROVISIONING_PROFILE_SPECIFIER = "";
				SWIFT_VERSION = 4.0;
				TARGETED_DEVICE_FAMILY = "1,2";
			};
			name = Debug;
		};
		0D59E8C7217EFAD600591203 /* Release */ = {
			isa = XCBuildConfiguration;
			baseConfigurationReference = 550057CBD799CA5E89066164 /* Pods-App-Test-jenkins.release.xcconfig */;
			buildSettings = {
				ASSETCATALOG_COMPILER_APPICON_NAME = AppIcon;
				"CODE_SIGN_IDENTITY[sdk=iphoneos*]" = "iPhone Developer";
				CODE_SIGN_STYLE = Automatic;
				DEVELOPMENT_TEAM = YJV9TQXB4X;
				INFOPLIST_FILE = "App-Test-jenkins/Info.plist";
				LD_RUNPATH_SEARCH_PATHS = "$(inherited) @executable_path/Frameworks";
				PRODUCT_BUNDLE_IDENTIFIER = "com.jabong.com.App-Test-jenkins";
				PRODUCT_NAME = "$(TARGET_NAME)";
				PROVISIONING_PROFILE_SPECIFIER = "";
				SWIFT_VERSION = 4.0;
				TARGETED_DEVICE_FAMILY = "1,2";
			};
			name = Release;
		};
		0D59E8C9217EFAD600591203 /* Debug */ = {
			isa = XCBuildConfiguration;
			baseConfigurationReference = 8CE8E468404671E6B86EC764 /* Pods-App-Test-jenkinsTests.debug.xcconfig */;
			buildSettings = {
				ALWAYS_EMBED_SWIFT_STANDARD_LIBRARIES = YES;
				BUNDLE_LOADER = "$(TEST_HOST)";
				CODE_SIGN_STYLE = Automatic;
				INFOPLIST_FILE = "App-Test-jenkinsTests/Info.plist";
				LD_RUNPATH_SEARCH_PATHS = "$(inherited) @executable_path/Frameworks @loader_path/Frameworks";
				PRODUCT_BUNDLE_IDENTIFIER = "com.jabong.com.App-Test-jenkinsTests";
				PRODUCT_NAME = "$(TARGET_NAME)";
				SWIFT_VERSION = 4.0;
				TARGETED_DEVICE_FAMILY = "1,2";
				TEST_HOST = "$(BUILT_PRODUCTS_DIR)/App-Test-jenkins.app/App-Test-jenkins";
			};
			name = Debug;
		};
		0D59E8CA217EFAD600591203 /* Release */ = {
			isa = XCBuildConfiguration;
			baseConfigurationReference = E26A769A970D6A9C33CBD026 /* Pods-App-Test-jenkinsTests.release.xcconfig */;
			buildSettings = {
				ALWAYS_EMBED_SWIFT_STANDARD_LIBRARIES = YES;
				BUNDLE_LOADER = "$(TEST_HOST)";
				CODE_SIGN_STYLE = Automatic;
				INFOPLIST_FILE = "App-Test-jenkinsTests/Info.plist";
				LD_RUNPATH_SEARCH_PATHS = "$(inherited) @executable_path/Frameworks @loader_path/Frameworks";
				PRODUCT_BUNDLE_IDENTIFIER = "com.jabong.com.App-Test-jenkinsTests";
				PRODUCT_NAME = "$(TARGET_NAME)";
				SWIFT_VERSION = 4.0;
				TARGETED_DEVICE_FAMILY = "1,2";
				TEST_HOST = "$(BUILT_PRODUCTS_DIR)/App-Test-jenkins.app/App-Test-jenkins";
			};
			name = Release;
		};
		0D59E8CC217EFAD600591203 /* Debug */ = {
			isa = XCBuildConfiguration;
			baseConfigurationReference = F51789BF58FA2F9428E72B07 /* Pods-App-Test-jenkinsUITests.debug.xcconfig */;
			buildSettings = {
				ALWAYS_EMBED_SWIFT_STANDARD_LIBRARIES = YES;
				CODE_SIGN_STYLE = Automatic;
				INFOPLIST_FILE = "App-Test-jenkinsUITests/Info.plist";
				LD_RUNPATH_SEARCH_PATHS = "$(inherited) @executable_path/Frameworks @loader_path/Frameworks";
				PRODUCT_BUNDLE_IDENTIFIER = "com.jabong.com.App-Test-jenkinsUITests";
				PRODUCT_NAME = "$(TARGET_NAME)";
				SWIFT_VERSION = 4.0;
				TARGETED_DEVICE_FAMILY = "1,2";
				TEST_TARGET_NAME = "App-Test-jenkins";
			};
			name = Debug;
		};
		0D59E8CD217EFAD600591203 /* Release */ = {
			isa = XCBuildConfiguration;
			baseConfigurationReference = 56BDE69D8837D04A4857C5BF /* Pods-App-Test-jenkinsUITests.release.xcconfig */;
			buildSettings = {
				ALWAYS_EMBED_SWIFT_STANDARD_LIBRARIES = YES;
				CODE_SIGN_STYLE = Automatic;
				INFOPLIST_FILE = "App-Test-jenkinsUITests/Info.plist";
				LD_RUNPATH_SEARCH_PATHS = "$(inherited) @executable_path/Frameworks @loader_path/Frameworks";
				PRODUCT_BUNDLE_IDENTIFIER = "com.jabong.com.App-Test-jenkinsUITests";
				PRODUCT_NAME = "$(TARGET_NAME)";
				SWIFT_VERSION = 4.0;
				TARGETED_DEVICE_FAMILY = "1,2";
				TEST_TARGET_NAME = "App-Test-jenkins";
			};
			name = Release;
		};
/* End XCBuildConfiguration section */

/* Begin XCConfigurationList section */
		0D59E895217EFAD500591203 /* Build configuration list for PBXProject "App-Test-jenkins" */ = {
			isa = XCConfigurationList;
			buildConfigurations = (
				0D59E8C3217EFAD600591203 /* Debug */,
				0D59E8C4217EFAD600591203 /* Release */,
			);
			defaultConfigurationIsVisible = 0;
			defaultConfigurationName = Release;
		};
		0D59E8C5217EFAD600591203 /* Build configuration list for PBXNativeTarget "App-Test-jenkins" */ = {
			isa = XCConfigurationList;
			buildConfigurations = (
				0D59E8C6217EFAD600591203 /* Debug */,
				0D59E8C7217EFAD600591203 /* Release */,
			);
			defaultConfigurationIsVisible = 0;
			defaultConfigurationName = Release;
		};
		0D59E8C8217EFAD600591203 /* Build configuration list for PBXNativeTarget "App-Test-jenkinsTests" */ = {
			isa = XCConfigurationList;
			buildConfigurations = (
				0D59E8C9217EFAD600591203 /* Debug */,
				0D59E8CA217EFAD600591203 /* Release */,
			);
			defaultConfigurationIsVisible = 0;
			defaultConfigurationName = Release;
		};
		0D59E8CB217EFAD600591203 /* Build configuration list for PBXNativeTarget "App-Test-jenkinsUITests" */ = {
			isa = XCConfigurationList;
			buildConfigurations = (
				0D59E8CC217EFAD600591203 /* Debug */,
				0D59E8CD217EFAD600591203 /* Release */,
			);
			defaultConfigurationIsVisible = 0;
			defaultConfigurationName = Release;
		};
/* End XCConfigurationList section */

/* Begin XCVersionGroup section */
		0D59E8A4217EFAD500591203 /* App_Test_jenkins.xcdatamodeld */ = {
			isa = XCVersionGroup;
			children = (
				0D59E8A5217EFAD500591203 /* App_Test_jenkins.xcdatamodel */,
			);
			currentVersion = 0D59E8A5217EFAD500591203 /* App_Test_jenkins.xcdatamodel */;
			path = App_Test_jenkins.xcdatamodeld;
			sourceTree = "<group>";
			versionGroupType = wrapper.xcdatamodel;
		};
/* End XCVersionGroup section */
	};
	rootObject = 0D59E892217EFAD500591203 /* Project object */;
}
